
Microsoft Visual Studio Solution File, Format Version 12.00
# Visual Studio Version 16
VisualStudioVersion = 16.0.30002.166
MinimumVisualStudioVersion = 10.0.40219.1
Project("{FAE04EC0-301F-11D3-BF4B-00C04F79EFBC}") = "Biblioteka", "Biblioteka.csproj", "{1FE156C4-1EEF-41CC-9C33-899FF9B0CBE2}"
EndProject
Global
	GlobalSection(SolutionConfigurationPlatforms) = preSolution
		Debug|Any CPU = Debug|Any CPU
		Release|Any CPU = Release|Any CPU
	EndGlobalSection
	GlobalSection(ProjectConfigurationPlatforms) = postSolution
		{1FE156C4-1EEF-41CC-9C33-899FF9B0CBE2}.Debug|Any CPU.ActiveCfg = Debug|Any CPU
		{1FE156C4-1EEF-41CC-9C33-899FF9B0CBE2}.Debug|Any CPU.Build.0 = Debug|Any CPU
		{1FE156C4-1EEF-41CC-9C33-899FF9B0CBE2}.Release|Any CPU.ActiveCfg = Release|Any CPU
		{1FE156C4-1EEF-41CC-9C33-899FF9B0CBE2}.Release|Any CPU.Build.0 = Release|Any CPU
	EndGlobalSection
	GlobalSection(SolutionProperties) = preSolution
		HideSolutionNode = FALSE
	EndGlobalSection
	GlobalSection(ExtensibilityGlobals) = postSolution
		SolutionGuid = {459C9635-FDC9-461D-9740-D93D20C8355F}
	EndGlobalSection
EndGlobal
