
Microsoft Visual Studio Solution File, Format Version 12.00
# Visual Studio Version 16
VisualStudioVersion = 16.0.29709.97
MinimumVisualStudioVersion = 10.0.40219.1
Project("{FAE04EC0-301F-11D3-BF4B-00C04F79EFBC}") = "Pesel", "Pesel.csproj", "{E750FE66-0A12-4375-965D-3A72A869086A}"
EndProject
Global
	GlobalSection(SolutionConfigurationPlatforms) = preSolution
		Debug|Any CPU = Debug|Any CPU
		Release|Any CPU = Release|Any CPU
	EndGlobalSection
	GlobalSection(ProjectConfigurationPlatforms) = postSolution
		{E750FE66-0A12-4375-965D-3A72A869086A}.Debug|Any CPU.ActiveCfg = Debug|Any CPU
		{E750FE66-0A12-4375-965D-3A72A869086A}.Debug|Any CPU.Build.0 = Debug|Any CPU
		{E750FE66-0A12-4375-965D-3A72A869086A}.Release|Any CPU.ActiveCfg = Release|Any CPU
		{E750FE66-0A12-4375-965D-3A72A869086A}.Release|Any CPU.Build.0 = Release|Any CPU
	EndGlobalSection
	GlobalSection(SolutionProperties) = preSolution
		HideSolutionNode = FALSE
	EndGlobalSection
	GlobalSection(ExtensibilityGlobals) = postSolution
		SolutionGuid = {1F487DCB-D7D8-46E0-9142-A960D3D3271F}
	EndGlobalSection
EndGlobal
